Microsoft Visual Studio Solution File, Format Version 12.00
# Visual Studio Version 17
VisualStudioVersion = 17.7.34202.233
MinimumVisualStudioVersion = 10.0.40219.1
Project("{9A19103F-16F7-4668-BE54-9A1E7A4F7556}") = "Trivia", "Trivia\Trivia.csproj", "{6DF4340A-A044-4593-BC79-8F7961BB91E7}"
EndProject
Project("{FAE04EC0-301F-11D3-BF4B-00C04F79EFBC}") = "TriviaGameTest", "TriviaGameTest\TriviaGameTest.csproj", "{368A9059-F2BF-443C-B9C7-875B6FC7B0FD}"
	ProjectSection(ProjectDependencies) = postProject
		{6DF4340A-A044-4593-BC79-8F7961BB91E7} = {6DF4340A-A044-4593-BC79-8F7961BB91E7}
	EndProjectSection
EndProject
Global
	GlobalSection(SolutionConfigurationPlatforms) = preSolution
		Debug|Any CPU = Debug|Any CPU
		Release|Any CPU = Release|Any CPU
	EndGlobalSection
	GlobalSection(ProjectConfigurationPlatforms) = postSolution
		{6DF4340A-A044-4593-BC79-8F7961BB91E7}.Debug|Any CPU.ActiveCfg = Debug|Any CPU
		{6DF4340A-A044-4593-BC79-8F7961BB91E7}.Debug|Any CPU.Build.0 = Debug|Any CPU
		{6DF4340A-A044-4593-BC79-8F7961BB91E7}.Release|Any CPU.ActiveCfg = Release|Any CPU
		{6DF4340A-A044-4593-BC79-8F7961BB91E7}.Release|Any CPU.Build.0 = Release|Any CPU
		{368A9059-F2BF-443C-B9C7-875B6FC7B0FD}.Debug|Any CPU.ActiveCfg = Debug|Any CPU
		{368A9059-F2BF-443C-B9C7-875B6FC7B0FD}.Debug|Any CPU.Build.0 = Debug|Any CPU
		{368A9059-F2BF-443C-B9C7-875B6FC7B0FD}.Release|Any CPU.ActiveCfg = Release|Any CPU
		{368A9059-F2BF-443C-B9C7-875B6FC7B0FD}.Release|Any CPU.Build.0 = Release|Any CPU
	EndGlobalSection
	GlobalSection(SolutionProperties) = preSolution
		HideSolutionNode = FALSE
	EndGlobalSection
	GlobalSection(ExtensibilityGlobals) = postSolution
		SolutionGuid = {01A612BD-E476-4224-950C-C1FDAC48A4FF}
	EndGlobalSection
EndGlobal
